
Microsoft Visual Studio Solution File, Format Version 12.00
# Visual Studio Version 16
VisualStudioVersion = 16.0.29806.167
MinimumVisualStudioVersion = 10.0.40219.1
Project("{FAE04EC0-301F-11D3-BF4B-00C04F79EFBC}") = "Prueba.UWP", "Prueba\Prueba.UWP\Prueba.UWP.csproj", "{5B193590-7B33-486B-9AB9-17D05F927CDE}"
EndProject
Project("{FAE04EC0-301F-11D3-BF4B-00C04F79EFBC}") = "Prueba.Android", "Prueba\Prueba.Android\Prueba.Android.csproj", "{EBE83240-73AC-4739-A488-5FC6B9CC8316}"
EndProject
Project("{FAE04EC0-301F-11D3-BF4B-00C04F79EFBC}") = "Prueba.iOS", "Prueba\Prueba.iOS\Prueba.iOS.csproj", "{E8533801-7684-49E0-8FBD-740741F9A641}"
EndProject
Project("{FAE04EC0-301F-11D3-BF4B-00C04F79EFBC}") = "Prueba", "Prueba\Prueba\Prueba.csproj", "{0AB56787-BE21-4CAB-A3A2-A74660CCB428}"
EndProject
Global
	GlobalSection(SolutionConfigurationPlatforms) = preSolution
		Debug|Any CPU = Debug|Any CPU
		Debug|ARM = Debug|ARM
		Debug|iPhone = Debug|iPhone
		Debug|iPhoneSimulator = Debug|iPhoneSimulator
		Debug|x64 = Debug|x64
		Debug|x86 = Debug|x86
		Release|Any CPU = Release|Any CPU
		Release|ARM = Release|ARM
		Release|iPhone = Release|iPhone
		Release|iPhoneSimulator = Release|iPhoneSimulator
		Release|x64 = Release|x64
		Release|x86 = Release|x86
	EndGlobalSection
	GlobalSection(ProjectConfigurationPlatforms) = postSolution
		{5B193590-7B33-486B-9AB9-17D05F927CDE}.Debug|Any CPU.ActiveCfg = Debug|x86
		{5B193590-7B33-486B-9AB9-17D05F927CDE}.Debug|Any CPU.Build.0 = Debug|x86
		{5B193590-7B33-486B-9AB9-17D05F927CDE}.Debug|Any CPU.Deploy.0 = Debug|x86
		{5B193590-7B33-486B-9AB9-17D05F927CDE}.Debug|ARM.ActiveCfg = Debug|ARM
		{5B193590-7B33-486B-9AB9-17D05F927CDE}.Debug|ARM.Build.0 = Debug|ARM
		{5B193590-7B33-486B-9AB9-17D05F927CDE}.Debug|ARM.Deploy.0 = Debug|ARM
		{5B193590-7B33-486B-9AB9-17D05F927CDE}.Debug|iPhone.ActiveCfg = Debug|x86
		{5B193590-7B33-486B-9AB9-17D05F927CDE}.Debug|iPhone.Build.0 = Debug|x86
		{5B193590-7B33-486B-9AB9-17D05F927CDE}.Debug|iPhone.Deploy.0 = Debug|x86
		{5B193590-7B33-486B-9AB9-17D05F927CDE}.Debug|iPhoneSimulator.ActiveCfg = Debug|x86
		{5B193590-7B33-486B-9AB9-17D05F927CDE}.Debug|iPhoneSimulator.Build.0 = Debug|x86
		{5B193590-7B33-486B-9AB9-17D05F927CDE}.Debug|iPhoneSimulator.Deploy.0 = Debug|x86
		{5B193590-7B33-486B-9AB9-17D05F927CDE}.Debug|x64.ActiveCfg = Debug|x64
		{5B193590-7B33-486B-9AB9-17D05F927CDE}.Debug|x64.Build.0 = Debug|x64
		{5B193590-7B33-486B-9AB9-17D05F927CDE}.Debug|x64.Deploy.0 = Debug|x64
		{5B193590-7B33-486B-9AB9-17D05F927CDE}.Debug|x86.ActiveCfg = Debug|x86
		{5B193590-7B33-486B-9AB9-17D05F927CDE}.Debug|x86.Build.0 = Debug|x86
		{5B193590-7B33-486B-9AB9-17D05F927CDE}.Debug|x86.Deploy.0 = Debug|x86
		{5B193590-7B33-486B-9AB9-17D05F927CDE}.Release|Any CPU.ActiveCfg = Release|x86
		{5B193590-7B33-486B-9AB9-17D05F927CDE}.Release|Any CPU.Build.0 = Release|x86
		{5B193590-7B33-486B-9AB9-17D05F927CDE}.Release|Any CPU.Deploy.0 = Release|x86
		{5B193590-7B33-486B-9AB9-17D05F927CDE}.Release|ARM.ActiveCfg = Release|ARM
		{5B193590-7B33-486B-9AB9-17D05F927CDE}.Release|ARM.Build.0 = Release|ARM
		{5B193590-7B33-486B-9AB9-17D05F927CDE}.Release|ARM.Deploy.0 = Release|ARM
		{5B193590-7B33-486B-9AB9-17D05F927CDE}.Release|iPhone.ActiveCfg = Release|x86
		{5B193590-7B33-486B-9AB9-17D05F927CDE}.Release|iPhone.Build.0 = Release|x86
		{5B193590-7B33-486B-9AB9-17D05F927CDE}.Release|iPhone.Deploy.0 = Release|x86
		{5B193590-7B33-486B-9AB9-17D05F927CDE}.Release|iPhoneSimulator.ActiveCfg = Release|x86
		{5B193590-7B33-486B-9AB9-17D05F927CDE}.Release|iPhoneSimulator.Build.0 = Release|x86
		{5B193590-7B33-486B-9AB9-17D05F927CDE}.Release|iPhoneSimulator.Deploy.0 = Release|x86
		{5B193590-7B33-486B-9AB9-17D05F927CDE}.Release|x64.ActiveCfg = Release|x64
		{5B193590-7B33-486B-9AB9-17D05F927CDE}.Release|x64.Build.0 = Release|x64
		{5B193590-7B33-486B-9AB9-17D05F927CDE}.Release|x64.Deploy.0 = Release|x64
		{5B193590-7B33-486B-9AB9-17D05F927CDE}.Release|x86.ActiveCfg = Release|x86
		{5B193590-7B33-486B-9AB9-17D05F927CDE}.Release|x86.Build.0 = Release|x86
		{5B193590-7B33-486B-9AB9-17D05F927CDE}.Release|x86.Deploy.0 = Release|x86
		{EBE83240-73AC-4739-A488-5FC6B9CC8316}.Debug|Any CPU.ActiveCfg = Debug|Any CPU
		{EBE83240-73AC-4739-A488-5FC6B9CC8316}.Debug|Any CPU.Build.0 = Debug|Any CPU
		{EBE83240-73AC-4739-A488-5FC6B9CC8316}.Debug|Any CPU.Deploy.0 = Debug|Any CPU
		{EBE83240-73AC-4739-A488-5FC6B9CC8316}.Debug|ARM.ActiveCfg = Debug|Any CPU
		{EBE83240-73AC-4739-A488-5FC6B9CC8316}.Debug|ARM.Build.0 = Debug|Any CPU
		{EBE83240-73AC-4739-A488-5FC6B9CC8316}.Debug|ARM.Deploy.0 = Debug|Any CPU
		{EBE83240-73AC-4739-A488-5FC6B9CC8316}.Debug|iPhone.ActiveCfg = Debug|Any CPU
		{EBE83240-73AC-4739-A488-5FC6B9CC8316}.Debug|iPhone.Build.0 = Debug|Any CPU
		{EBE83240-73AC-4739-A488-5FC6B9CC8316}.Debug|iPhone.Deploy.0 = Debug|Any CPU
		{EBE83240-73AC-4739-A488-5FC6B9CC8316}.Debug|iPhoneSimulator.ActiveCfg = Debug|Any CPU
		{EBE83240-73AC-4739-A488-5FC6B9CC8316}.Debug|iPhoneSimulator.Build.0 = Debug|Any CPU
		{EBE83240-73AC-4739-A488-5FC6B9CC8316}.Debug|iPhoneSimulator.Deploy.0 = Debug|Any CPU
		{EBE83240-73AC-4739-A488-5FC6B9CC8316}.Debug|x64.ActiveCfg = Debug|Any CPU
		{EBE83240-73AC-4739-A488-5FC6B9CC8316}.Debug|x64.Build.0 = Debug|Any CPU
		{EBE83240-73AC-4739-A488-5FC6B9CC8316}.Debug|x64.Deploy.0 = Debug|Any CPU
		{EBE83240-73AC-4739-A488-5FC6B9CC8316}.Debug|x86.ActiveCfg = Debug|Any CPU
		{EBE83240-73AC-4739-A488-5FC6B9CC8316}.Debug|x86.Build.0 = Debug|Any CPU
		{EBE83240-73AC-4739-A488-5FC6B9CC8316}.Debug|x86.Deploy.0 = Debug|Any CPU
		{EBE83240-73AC-4739-A488-5FC6B9CC8316}.Release|Any CPU.ActiveCfg = Release|Any CPU
		{EBE83240-73AC-4739-A488-5FC6B9CC8316}.Release|Any CPU.Build.0 = Release|Any CPU
		{EBE83240-73AC-4739-A488-5FC6B9CC8316}.Release|Any CPU.Deploy.0 = Release|Any CPU
		{EBE83240-73AC-4739-A488-5FC6B9CC8316}.Release|ARM.ActiveCfg = Release|Any CPU
		{EBE83240-73AC-4739-A488-5FC6B9CC8316}.Release|ARM.Build.0 = Release|Any CPU
		{EBE83240-73AC-4739-A488-5FC6B9CC8316}.Release|ARM.Deploy.0 = Release|Any CPU
		{EBE83240-73AC-4739-A488-5FC6B9CC8316}.Release|iPhone.ActiveCfg = Release|Any CPU
		{EBE83240-73AC-4739-A488-5FC6B9CC8316}.Release|iPhone.Build.0 = Release|Any CPU
		{EBE83240-73AC-4739-A488-5FC6B9CC8316}.Release|iPhone.Deploy.0 = Release|Any CPU
		{EBE83240-73AC-4739-A488-5FC6B9CC8316}.Release|iPhoneSimulator.ActiveCfg = Release|Any CPU
		{EBE83240-73AC-4739-A488-5FC6B9CC8316}.Release|iPhoneSimulator.Build.0 = Release|Any CPU
		{EBE83240-73AC-4739-A488-5FC6B9CC8316}.Release|iPhoneSimulator.Deploy.0 = Release|Any CPU
		{EBE83240-73AC-4739-A488-5FC6B9CC8316}.Release|x64.ActiveCfg = Release|Any CPU
		{EBE83240-73AC-4739-A488-5FC6B9CC8316}.Release|x64.Build.0 = Release|Any CPU
		{EBE83240-73AC-4739-A488-5FC6B9CC8316}.Release|x64.Deploy.0 = Release|Any CPU
		{EBE83240-73AC-4739-A488-5FC6B9CC8316}.Release|x86.ActiveCfg = Release|Any CPU
		{EBE83240-73AC-4739-A488-5FC6B9CC8316}.Release|x86.Build.0 = Release|Any CPU
		{EBE83240-73AC-4739-A488-5FC6B9CC8316}.Release|x86.Deploy.0 = Release|Any CPU
		{E8533801-7684-49E0-8FBD-740741F9A641}.Debug|Any CPU.ActiveCfg = Debug|iPhone
		{E8533801-7684-49E0-8FBD-740741F9A641}.Debug|Any CPU.Build.0 = Debug|iPhone
		{E8533801-7684-49E0-8FBD-740741F9A641}.Debug|Any CPU.Deploy.0 = Debug|iPhone
		{E8533801-7684-49E0-8FBD-740741F9A641}.Debug|ARM.ActiveCfg = Debug|iPhoneSimulator
		{E8533801-7684-49E0-8FBD-740741F9A641}.Debug|ARM.Build.0 = Debug|iPhoneSimulator
		{E8533801-7684-49E0-8FBD-740741F9A641}.Debug|ARM.Deploy.0 = Debug|iPhoneSimulator
		{E8533801-7684-49E0-8FBD-740741F9A641}.Debug|iPhone.ActiveCfg = Debug|iPhone
		{E8533801-7684-49E0-8FBD-740741F9A641}.Debug|iPhone.Build.0 = Debug|iPhone
		{E8533801-7684-49E0-8FBD-740741F9A641}.Debug|iPhone.Deploy.0 = Debug|iPhone
		{E8533801-7684-49E0-8FBD-740741F9A641}.Debug|iPhoneSimulator.ActiveCfg = Debug|iPhoneSimulator
		{E8533801-7684-49E0-8FBD-740741F9A641}.Debug|iPhoneSimulator.Build.0 = Debug|iPhoneSimulator
		{E8533801-7684-49E0-8FBD-740741F9A641}.Debug|iPhoneSimulator.Deploy.0 = Debug|iPhoneSimulator
		{E8533801-7684-49E0-8FBD-740741F9A641}.Debug|x64.ActiveCfg = Debug|iPhone
		{E8533801-7684-49E0-8FBD-740741F9A641}.Debug|x64.Build.0 = Debug|iPhone
		{E8533801-7684-49E0-8FBD-740741F9A641}.Debug|x64.Deploy.0 = Debug|iPhone
		{E8533801-7684-49E0-8FBD-740741F9A641}.Debug|x86.ActiveCfg = Debug|iPhone
		{E8533801-7684-49E0-8FBD-740741F9A641}.Debug|x86.Build.0 = Debug|iPhone
		{E8533801-7684-49E0-8FBD-740741F9A641}.Debug|x86.Deploy.0 = Debug|iPhone
		{E8533801-7684-49E0-8FBD-740741F9A641}.Release|Any CPU.ActiveCfg = Release|iPhone
		{E8533801-7684-49E0-8FBD-740741F9A641}.Release|Any CPU.Build.0 = Release|iPhone
		{E8533801-7684-49E0-8FBD-740741F9A641}.Release|Any CPU.Deploy.0 = Release|iPhone
		{E8533801-7684-49E0-8FBD-740741F9A641}.Release|ARM.ActiveCfg = Release|iPhone
		{E8533801-7684-49E0-8FBD-740741F9A641}.Release|ARM.Build.0 = Release|iPhone
		{E8533801-7684-49E0-8FBD-740741F9A641}.Release|ARM.Deploy.0 = Release|iPhone
		{E8533801-7684-49E0-8FBD-740741F9A641}.Release|iPhone.ActiveCfg = Release|iPhone
		{E8533801-7684-49E0-8FBD-740741F9A641}.Release|iPhone.Build.0 = Release|iPhone
		{E8533801-7684-49E0-8FBD-740741F9A641}.Release|iPhone.Deploy.0 = Release|iPhone
		{E8533801-7684-49E0-8FBD-740741F9A641}.Release|iPhoneSimulator.ActiveCfg = Release|iPhoneSimulator
		{E8533801-7684-49E0-8FBD-740741F9A641}.Release|iPhoneSimulator.Build.0 = Release|iPhoneSimulator
		{E8533801-7684-49E0-8FBD-740741F9A641}.Release|iPhoneSimulator.Deploy.0 = Release|iPhoneSimulator
		{E8533801-7684-49E0-8FBD-740741F9A641}.Release|x64.ActiveCfg = Release|iPhone
		{E8533801-7684-49E0-8FBD-740741F9A641}.Release|x64.Build.0 = Release|iPhone
		{E8533801-7684-49E0-8FBD-740741F9A641}.Release|x64.Deploy.0 = Release|iPhone
		{E8533801-7684-49E0-8FBD-740741F9A641}.Release|x86.ActiveCfg = Release|iPhone
		{E8533801-7684-49E0-8FBD-740741F9A641}.Release|x86.Build.0 = Release|iPhone
		{E8533801-7684-49E0-8FBD-740741F9A641}.Release|x86.Deploy.0 = Release|iPhone
		{0AB56787-BE21-4CAB-A3A2-A74660CCB428}.Debug|Any CPU.ActiveCfg = Debug|Any CPU
		{0AB56787-BE21-4CAB-A3A2-A74660CCB428}.Debug|Any CPU.Build.0 = Debug|Any CPU
		{0AB56787-BE21-4CAB-A3A2-A74660CCB428}.Debug|Any CPU.Deploy.0 = Debug|Any CPU
		{0AB56787-BE21-4CAB-A3A2-A74660CCB428}.Debug|ARM.ActiveCfg = Debug|Any CPU
		{0AB56787-BE21-4CAB-A3A2-A74660CCB428}.Debug|ARM.Build.0 = Debug|Any CPU
		{0AB56787-BE21-4CAB-A3A2-A74660CCB428}.Debug|ARM.Deploy.0 = Debug|Any CPU
		{0AB56787-BE21-4CAB-A3A2-A74660CCB428}.Debug|iPhone.ActiveCfg = Debug|Any CPU
		{0AB56787-BE21-4CAB-A3A2-A74660CCB428}.Debug|iPhone.Build.0 = Debug|Any CPU
		{0AB56787-BE21-4CAB-A3A2-A74660CCB428}.Debug|iPhone.Deploy.0 = Debug|Any CPU
		{0AB56787-BE21-4CAB-A3A2-A74660CCB428}.Debug|iPhoneSimulator.ActiveCfg = Debug|Any CPU
		{0AB56787-BE21-4CAB-A3A2-A74660CCB428}.Debug|iPhoneSimulator.Build.0 = Debug|Any CPU
		{0AB56787-BE21-4CAB-A3A2-A74660CCB428}.Debug|iPhoneSimulator.Deploy.0 = Debug|Any CPU
		{0AB56787-BE21-4CAB-A3A2-A74660CCB428}.Debug|x64.ActiveCfg = Debug|Any CPU
		{0AB56787-BE21-4CAB-A3A2-A74660CCB428}.Debug|x64.Build.0 = Debug|Any CPU
		{0AB56787-BE21-4CAB-A3A2-A74660CCB428}.Debug|x64.Deploy.0 = Debug|Any CPU
		{0AB56787-BE21-4CAB-A3A2-A74660CCB428}.Debug|x86.ActiveCfg = Debug|Any CPU
		{0AB56787-BE21-4CAB-A3A2-A74660CCB428}.Debug|x86.Build.0 = Debug|Any CPU
		{0AB56787-BE21-4CAB-A3A2-A74660CCB428}.Debug|x86.Deploy.0 = Debug|Any CPU
		{0AB56787-BE21-4CAB-A3A2-A74660CCB428}.Release|Any CPU.ActiveCfg = Release|Any CPU
		{0AB56787-BE21-4CAB-A3A2-A74660CCB428}.Release|Any CPU.Build.0 = Release|Any CPU
		{0AB56787-BE21-4CAB-A3A2-A74660CCB428}.Release|Any CPU.Deploy.0 = Release|Any CPU
		{0AB56787-BE21-4CAB-A3A2-A74660CCB428}.Release|ARM.ActiveCfg = Release|Any CPU
		{0AB56787-BE21-4CAB-A3A2-A74660CCB428}.Release|ARM.Build.0 = Release|Any CPU
		{0AB56787-BE21-4CAB-A3A2-A74660CCB428}.Release|ARM.Deploy.0 = Release|Any CPU
		{0AB56787-BE21-4CAB-A3A2-A74660CCB428}.Release|iPhone.ActiveCfg = Release|Any CPU
		{0AB56787-BE21-4CAB-A3A2-A74660CCB428}.Release|iPhone.Build.0 = Release|Any CPU
		{0AB56787-BE21-4CAB-A3A2-A74660CCB428}.Release|iPhone.Deploy.0 = Release|Any CPU
		{0AB56787-BE21-4CAB-A3A2-A74660CCB428}.Release|iPhoneSimulator.ActiveCfg = Release|Any CPU
		{0AB56787-BE21-4CAB-A3A2-A74660CCB428}.Release|iPhoneSimulator.Build.0 = Release|Any CPU
		{0AB56787-BE21-4CAB-A3A2-A74660CCB428}.Release|iPhoneSimulator.Deploy.0 = Release|Any CPU
		{0AB56787-BE21-4CAB-A3A2-A74660CCB428}.Release|x64.ActiveCfg = Release|Any CPU
		{0AB56787-BE21-4CAB-A3A2-A74660CCB428}.Release|x64.Build.0 = Release|Any CPU
		{0AB56787-BE21-4CAB-A3A2-A74660CCB428}.Release|x64.Deploy.0 = Release|Any CPU
		{0AB56787-BE21-4CAB-A3A2-A74660CCB428}.Release|x86.ActiveCfg = Release|Any CPU
		{0AB56787-BE21-4CAB-A3A2-A74660CCB428}.Release|x86.Build.0 = Release|Any CPU
		{0AB56787-BE21-4CAB-A3A2-A74660CCB428}.Release|x86.Deploy.0 = Release|Any CPU
	EndGlobalSection
	GlobalSection(SolutionProperties) = preSolution
		HideSolutionNode = FALSE
	EndGlobalSection
	GlobalSection(ExtensibilityGlobals) = postSolution
		SolutionGuid = {929AEA4B-B983-4264-8867-1598F17F3E73}
	EndGlobalSection
EndGlobal
